
Microsoft Visual Studio Solution File, Format Version 12.00
# Visual Studio Version 16
VisualStudioVersion = 16.0.29324.140
MinimumVisualStudioVersion = 10.0.40219.1
Project("{FAE04EC0-301F-11D3-BF4B-00C04F79EFBC}") = "GettingStarted.UWP", "GettingStarted\GettingStarted.UWP\GettingStarted.UWP.csproj", "{D8C2BF3A-1409-461E-AD1C-68B3DD1F9376}"
EndProject
Project("{FAE04EC0-301F-11D3-BF4B-00C04F79EFBC}") = "GettingStarted.Android", "GettingStarted\GettingStarted.Android\GettingStarted.Android.csproj", "{AFA47211-5407-41C0-AEBF-11CA8F825F85}"
EndProject
Project("{FAE04EC0-301F-11D3-BF4B-00C04F79EFBC}") = "GettingStarted.iOS", "GettingStarted\GettingStarted.iOS\GettingStarted.iOS.csproj", "{A3830537-0722-4AD0-957E-8F6092AB3F07}"
EndProject
Project("{FAE04EC0-301F-11D3-BF4B-00C04F79EFBC}") = "GettingStarted", "GettingStarted\GettingStarted\GettingStarted.csproj", "{BF701BF8-0CCD-4E59-BD6A-A4101C9ED96A}"
EndProject
Global
	GlobalSection(SolutionConfigurationPlatforms) = preSolution
		Debug|Any CPU = Debug|Any CPU
		Debug|ARM = Debug|ARM
		Debug|iPhone = Debug|iPhone
		Debug|iPhoneSimulator = Debug|iPhoneSimulator
		Debug|x64 = Debug|x64
		Debug|x86 = Debug|x86
		Release|Any CPU = Release|Any CPU
		Release|ARM = Release|ARM
		Release|iPhone = Release|iPhone
		Release|iPhoneSimulator = Release|iPhoneSimulator
		Release|x64 = Release|x64
		Release|x86 = Release|x86
	EndGlobalSection
	GlobalSection(ProjectConfigurationPlatforms) = postSolution
		{D8C2BF3A-1409-461E-AD1C-68B3DD1F9376}.Debug|Any CPU.ActiveCfg = Debug|x86
		{D8C2BF3A-1409-461E-AD1C-68B3DD1F9376}.Debug|Any CPU.Build.0 = Debug|x86
		{D8C2BF3A-1409-461E-AD1C-68B3DD1F9376}.Debug|Any CPU.Deploy.0 = Debug|x86
		{D8C2BF3A-1409-461E-AD1C-68B3DD1F9376}.Debug|ARM.ActiveCfg = Debug|ARM
		{D8C2BF3A-1409-461E-AD1C-68B3DD1F9376}.Debug|ARM.Build.0 = Debug|ARM
		{D8C2BF3A-1409-461E-AD1C-68B3DD1F9376}.Debug|ARM.Deploy.0 = Debug|ARM
		{D8C2BF3A-1409-461E-AD1C-68B3DD1F9376}.Debug|iPhone.ActiveCfg = Debug|x86
		{D8C2BF3A-1409-461E-AD1C-68B3DD1F9376}.Debug|iPhone.Build.0 = Debug|x86
		{D8C2BF3A-1409-461E-AD1C-68B3DD1F9376}.Debug|iPhone.Deploy.0 = Debug|x86
		{D8C2BF3A-1409-461E-AD1C-68B3DD1F9376}.Debug|iPhoneSimulator.ActiveCfg = Debug|x86
		{D8C2BF3A-1409-461E-AD1C-68B3DD1F9376}.Debug|iPhoneSimulator.Build.0 = Debug|x86
		{D8C2BF3A-1409-461E-AD1C-68B3DD1F9376}.Debug|iPhoneSimulator.Deploy.0 = Debug|x86
		{D8C2BF3A-1409-461E-AD1C-68B3DD1F9376}.Debug|x64.ActiveCfg = Debug|x64
		{D8C2BF3A-1409-461E-AD1C-68B3DD1F9376}.Debug|x64.Build.0 = Debug|x64
		{D8C2BF3A-1409-461E-AD1C-68B3DD1F9376}.Debug|x64.Deploy.0 = Debug|x64
		{D8C2BF3A-1409-461E-AD1C-68B3DD1F9376}.Debug|x86.ActiveCfg = Debug|x86
		{D8C2BF3A-1409-461E-AD1C-68B3DD1F9376}.Debug|x86.Build.0 = Debug|x86
		{D8C2BF3A-1409-461E-AD1C-68B3DD1F9376}.Debug|x86.Deploy.0 = Debug|x86
		{D8C2BF3A-1409-461E-AD1C-68B3DD1F9376}.Release|Any CPU.ActiveCfg = Release|x86
		{D8C2BF3A-1409-461E-AD1C-68B3DD1F9376}.Release|Any CPU.Build.0 = Release|x86
		{D8C2BF3A-1409-461E-AD1C-68B3DD1F9376}.Release|Any CPU.Deploy.0 = Release|x86
		{D8C2BF3A-1409-461E-AD1C-68B3DD1F9376}.Release|ARM.ActiveCfg = Release|ARM
		{D8C2BF3A-1409-461E-AD1C-68B3DD1F9376}.Release|ARM.Build.0 = Release|ARM
		{D8C2BF3A-1409-461E-AD1C-68B3DD1F9376}.Release|ARM.Deploy.0 = Release|ARM
		{D8C2BF3A-1409-461E-AD1C-68B3DD1F9376}.Release|iPhone.ActiveCfg = Release|x86
		{D8C2BF3A-1409-461E-AD1C-68B3DD1F9376}.Release|iPhone.Build.0 = Release|x86
		{D8C2BF3A-1409-461E-AD1C-68B3DD1F9376}.Release|iPhone.Deploy.0 = Release|x86
		{D8C2BF3A-1409-461E-AD1C-68B3DD1F9376}.Release|iPhoneSimulator.ActiveCfg = Release|x86
		{D8C2BF3A-1409-461E-AD1C-68B3DD1F9376}.Release|iPhoneSimulator.Build.0 = Release|x86
		{D8C2BF3A-1409-461E-AD1C-68B3DD1F9376}.Release|iPhoneSimulator.Deploy.0 = Release|x86
		{D8C2BF3A-1409-461E-AD1C-68B3DD1F9376}.Release|x64.ActiveCfg = Release|x64
		{D8C2BF3A-1409-461E-AD1C-68B3DD1F9376}.Release|x64.Build.0 = Release|x64
		{D8C2BF3A-1409-461E-AD1C-68B3DD1F9376}.Release|x64.Deploy.0 = Release|x64
		{D8C2BF3A-1409-461E-AD1C-68B3DD1F9376}.Release|x86.ActiveCfg = Release|x86
		{D8C2BF3A-1409-461E-AD1C-68B3DD1F9376}.Release|x86.Build.0 = Release|x86
		{D8C2BF3A-1409-461E-AD1C-68B3DD1F9376}.Release|x86.Deploy.0 = Release|x86
		{AFA47211-5407-41C0-AEBF-11CA8F825F85}.Debug|Any CPU.ActiveCfg = Debug|Any CPU
		{AFA47211-5407-41C0-AEBF-11CA8F825F85}.Debug|Any CPU.Build.0 = Debug|Any CPU
		{AFA47211-5407-41C0-AEBF-11CA8F825F85}.Debug|Any CPU.Deploy.0 = Debug|Any CPU
		{AFA47211-5407-41C0-AEBF-11CA8F825F85}.Debug|ARM.ActiveCfg = Debug|Any CPU
		{AFA47211-5407-41C0-AEBF-11CA8F825F85}.Debug|ARM.Build.0 = Debug|Any CPU
		{AFA47211-5407-41C0-AEBF-11CA8F825F85}.Debug|ARM.Deploy.0 = Debug|Any CPU
		{AFA47211-5407-41C0-AEBF-11CA8F825F85}.Debug|iPhone.ActiveCfg = Debug|Any CPU
		{AFA47211-5407-41C0-AEBF-11CA8F825F85}.Debug|iPhone.Build.0 = Debug|Any CPU
		{AFA47211-5407-41C0-AEBF-11CA8F825F85}.Debug|iPhone.Deploy.0 = Debug|Any CPU
		{AFA47211-5407-41C0-AEBF-11CA8F825F85}.Debug|iPhoneSimulator.ActiveCfg = Debug|Any CPU
		{AFA47211-5407-41C0-AEBF-11CA8F825F85}.Debug|iPhoneSimulator.Build.0 = Debug|Any CPU
		{AFA47211-5407-41C0-AEBF-11CA8F825F85}.Debug|iPhoneSimulator.Deploy.0 = Debug|Any CPU
		{AFA47211-5407-41C0-AEBF-11CA8F825F85}.Debug|x64.ActiveCfg = Debug|Any CPU
		{AFA47211-5407-41C0-AEBF-11CA8F825F85}.Debug|x64.Build.0 = Debug|Any CPU
		{AFA47211-5407-41C0-AEBF-11CA8F825F85}.Debug|x64.Deploy.0 = Debug|Any CPU
		{AFA47211-5407-41C0-AEBF-11CA8F825F85}.Debug|x86.ActiveCfg = Debug|Any CPU
		{AFA47211-5407-41C0-AEBF-11CA8F825F85}.Debug|x86.Build.0 = Debug|Any CPU
		{AFA47211-5407-41C0-AEBF-11CA8F825F85}.Debug|x86.Deploy.0 = Debug|Any CPU
		{AFA47211-5407-41C0-AEBF-11CA8F825F85}.Release|Any CPU.ActiveCfg = Release|Any CPU
		{AFA47211-5407-41C0-AEBF-11CA8F825F85}.Release|Any CPU.Build.0 = Release|Any CPU
		{AFA47211-5407-41C0-AEBF-11CA8F825F85}.Release|Any CPU.Deploy.0 = Release|Any CPU
		{AFA47211-5407-41C0-AEBF-11CA8F825F85}.Release|ARM.ActiveCfg = Release|Any CPU
		{AFA47211-5407-41C0-AEBF-11CA8F825F85}.Release|ARM.Build.0 = Release|Any CPU
		{AFA47211-5407-41C0-AEBF-11CA8F825F85}.Release|ARM.Deploy.0 = Release|Any CPU
		{AFA47211-5407-41C0-AEBF-11CA8F825F85}.Release|iPhone.ActiveCfg = Release|Any CPU
		{AFA47211-5407-41C0-AEBF-11CA8F825F85}.Release|iPhone.Build.0 = Release|Any CPU
		{AFA47211-5407-41C0-AEBF-11CA8F825F85}.Release|iPhone.Deploy.0 = Release|Any CPU
		{AFA47211-5407-41C0-AEBF-11CA8F825F85}.Release|iPhoneSimulator.ActiveCfg = Release|Any CPU
		{AFA47211-5407-41C0-AEBF-11CA8F825F85}.Release|iPhoneSimulator.Build.0 = Release|Any CPU
		{AFA47211-5407-41C0-AEBF-11CA8F825F85}.Release|iPhoneSimulator.Deploy.0 = Release|Any CPU
		{AFA47211-5407-41C0-AEBF-11CA8F825F85}.Release|x64.ActiveCfg = Release|Any CPU
		{AFA47211-5407-41C0-AEBF-11CA8F825F85}.Release|x64.Build.0 = Release|Any CPU
		{AFA47211-5407-41C0-AEBF-11CA8F825F85}.Release|x64.Deploy.0 = Release|Any CPU
		{AFA47211-5407-41C0-AEBF-11CA8F825F85}.Release|x86.ActiveCfg = Release|Any CPU
		{AFA47211-5407-41C0-AEBF-11CA8F825F85}.Release|x86.Build.0 = Release|Any CPU
		{AFA47211-5407-41C0-AEBF-11CA8F825F85}.Release|x86.Deploy.0 = Release|Any CPU
		{A3830537-0722-4AD0-957E-8F6092AB3F07}.Debug|Any CPU.ActiveCfg = Debug|iPhone
		{A3830537-0722-4AD0-957E-8F6092AB3F07}.Debug|Any CPU.Build.0 = Debug|iPhone
		{A3830537-0722-4AD0-957E-8F6092AB3F07}.Debug|Any CPU.Deploy.0 = Debug|iPhone
		{A3830537-0722-4AD0-957E-8F6092AB3F07}.Debug|ARM.ActiveCfg = Debug|iPhoneSimulator
		{A3830537-0722-4AD0-957E-8F6092AB3F07}.Debug|ARM.Build.0 = Debug|iPhoneSimulator
		{A3830537-0722-4AD0-957E-8F6092AB3F07}.Debug|ARM.Deploy.0 = Debug|iPhoneSimulator
		{A3830537-0722-4AD0-957E-8F6092AB3F07}.Debug|iPhone.ActiveCfg = Debug|iPhone
		{A3830537-0722-4AD0-957E-8F6092AB3F07}.Debug|iPhone.Build.0 = Debug|iPhone
		{A3830537-0722-4AD0-957E-8F6092AB3F07}.Debug|iPhone.Deploy.0 = Debug|iPhone
		{A3830537-0722-4AD0-957E-8F6092AB3F07}.Debug|iPhoneSimulator.ActiveCfg = Debug|iPhoneSimulator
		{A3830537-0722-4AD0-957E-8F6092AB3F07}.Debug|iPhoneSimulator.Build.0 = Debug|iPhoneSimulator
		{A3830537-0722-4AD0-957E-8F6092AB3F07}.Debug|iPhoneSimulator.Deploy.0 = Debug|iPhoneSimulator
		{A3830537-0722-4AD0-957E-8F6092AB3F07}.Debug|x64.ActiveCfg = Debug|iPhone
		{A3830537-0722-4AD0-957E-8F6092AB3F07}.Debug|x64.Build.0 = Debug|iPhone
		{A3830537-0722-4AD0-957E-8F6092AB3F07}.Debug|x64.Deploy.0 = Debug|iPhone
		{A3830537-0722-4AD0-957E-8F6092AB3F07}.Debug|x86.ActiveCfg = Debug|iPhone
		{A3830537-0722-4AD0-957E-8F6092AB3F07}.Debug|x86.Build.0 = Debug|iPhone
		{A3830537-0722-4AD0-957E-8F6092AB3F07}.Debug|x86.Deploy.0 = Debug|iPhone
		{A3830537-0722-4AD0-957E-8F6092AB3F07}.Release|Any CPU.ActiveCfg = Release|iPhone
		{A3830537-0722-4AD0-957E-8F6092AB3F07}.Release|Any CPU.Build.0 = Release|iPhone
		{A3830537-0722-4AD0-957E-8F6092AB3F07}.Release|Any CPU.Deploy.0 = Release|iPhone
		{A3830537-0722-4AD0-957E-8F6092AB3F07}.Release|ARM.ActiveCfg = Release|iPhone
		{A3830537-0722-4AD0-957E-8F6092AB3F07}.Release|ARM.Build.0 = Release|iPhone
		{A3830537-0722-4AD0-957E-8F6092AB3F07}.Release|ARM.Deploy.0 = Release|iPhone
		{A3830537-0722-4AD0-957E-8F6092AB3F07}.Release|iPhone.ActiveCfg = Release|iPhone
		{A3830537-0722-4AD0-957E-8F6092AB3F07}.Release|iPhone.Build.0 = Release|iPhone
		{A3830537-0722-4AD0-957E-8F6092AB3F07}.Release|iPhone.Deploy.0 = Release|iPhone
		{A3830537-0722-4AD0-957E-8F6092AB3F07}.Release|iPhoneSimulator.ActiveCfg = Release|iPhoneSimulator
		{A3830537-0722-4AD0-957E-8F6092AB3F07}.Release|iPhoneSimulator.Build.0 = Release|iPhoneSimulator
		{A3830537-0722-4AD0-957E-8F6092AB3F07}.Release|iPhoneSimulator.Deploy.0 = Release|iPhoneSimulator
		{A3830537-0722-4AD0-957E-8F6092AB3F07}.Release|x64.ActiveCfg = Release|iPhone
		{A3830537-0722-4AD0-957E-8F6092AB3F07}.Release|x64.Build.0 = Release|iPhone
		{A3830537-0722-4AD0-957E-8F6092AB3F07}.Release|x64.Deploy.0 = Release|iPhone
		{A3830537-0722-4AD0-957E-8F6092AB3F07}.Release|x86.ActiveCfg = Release|iPhone
		{A3830537-0722-4AD0-957E-8F6092AB3F07}.Release|x86.Build.0 = Release|iPhone
		{A3830537-0722-4AD0-957E-8F6092AB3F07}.Release|x86.Deploy.0 = Release|iPhone
		{BF701BF8-0CCD-4E59-BD6A-A4101C9ED96A}.Debug|Any CPU.ActiveCfg = Debug|Any CPU
		{BF701BF8-0CCD-4E59-BD6A-A4101C9ED96A}.Debug|Any CPU.Build.0 = Debug|Any CPU
		{BF701BF8-0CCD-4E59-BD6A-A4101C9ED96A}.Debug|Any CPU.Deploy.0 = Debug|Any CPU
		{BF701BF8-0CCD-4E59-BD6A-A4101C9ED96A}.Debug|ARM.ActiveCfg = Debug|Any CPU
		{BF701BF8-0CCD-4E59-BD6A-A4101C9ED96A}.Debug|ARM.Build.0 = Debug|Any CPU
		{BF701BF8-0CCD-4E59-BD6A-A4101C9ED96A}.Debug|ARM.Deploy.0 = Debug|Any CPU
		{BF701BF8-0CCD-4E59-BD6A-A4101C9ED96A}.Debug|iPhone.ActiveCfg = Debug|Any CPU
		{BF701BF8-0CCD-4E59-BD6A-A4101C9ED96A}.Debug|iPhone.Build.0 = Debug|Any CPU
		{BF701BF8-0CCD-4E59-BD6A-A4101C9ED96A}.Debug|iPhone.Deploy.0 = Debug|Any CPU
		{BF701BF8-0CCD-4E59-BD6A-A4101C9ED96A}.Debug|iPhoneSimulator.ActiveCfg = Debug|Any CPU
		{BF701BF8-0CCD-4E59-BD6A-A4101C9ED96A}.Debug|iPhoneSimulator.Build.0 = Debug|Any CPU
		{BF701BF8-0CCD-4E59-BD6A-A4101C9ED96A}.Debug|iPhoneSimulator.Deploy.0 = Debug|Any CPU
		{BF701BF8-0CCD-4E59-BD6A-A4101C9ED96A}.Debug|x64.ActiveCfg = Debug|Any CPU
		{BF701BF8-0CCD-4E59-BD6A-A4101C9ED96A}.Debug|x64.Build.0 = Debug|Any CPU
		{BF701BF8-0CCD-4E59-BD6A-A4101C9ED96A}.Debug|x64.Deploy.0 = Debug|Any CPU
		{BF701BF8-0CCD-4E59-BD6A-A4101C9ED96A}.Debug|x86.ActiveCfg = Debug|Any CPU
		{BF701BF8-0CCD-4E59-BD6A-A4101C9ED96A}.Debug|x86.Build.0 = Debug|Any CPU
		{BF701BF8-0CCD-4E59-BD6A-A4101C9ED96A}.Debug|x86.Deploy.0 = Debug|Any CPU
		{BF701BF8-0CCD-4E59-BD6A-A4101C9ED96A}.Release|Any CPU.ActiveCfg = Release|Any CPU
		{BF701BF8-0CCD-4E59-BD6A-A4101C9ED96A}.Release|Any CPU.Build.0 = Release|Any CPU
		{BF701BF8-0CCD-4E59-BD6A-A4101C9ED96A}.Release|Any CPU.Deploy.0 = Release|Any CPU
		{BF701BF8-0CCD-4E59-BD6A-A4101C9ED96A}.Release|ARM.ActiveCfg = Release|Any CPU
		{BF701BF8-0CCD-4E59-BD6A-A4101C9ED96A}.Release|ARM.Build.0 = Release|Any CPU
		{BF701BF8-0CCD-4E59-BD6A-A4101C9ED96A}.Release|ARM.Deploy.0 = Release|Any CPU
		{BF701BF8-0CCD-4E59-BD6A-A4101C9ED96A}.Release|iPhone.ActiveCfg = Release|Any CPU
		{BF701BF8-0CCD-4E59-BD6A-A4101C9ED96A}.Release|iPhone.Build.0 = Release|Any CPU
		{BF701BF8-0CCD-4E59-BD6A-A4101C9ED96A}.Release|iPhone.Deploy.0 = Release|Any CPU
		{BF701BF8-0CCD-4E59-BD6A-A4101C9ED96A}.Release|iPhoneSimulator.ActiveCfg = Release|Any CPU
		{BF701BF8-0CCD-4E59-BD6A-A4101C9ED96A}.Release|iPhoneSimulator.Build.0 = Release|Any CPU
		{BF701BF8-0CCD-4E59-BD6A-A4101C9ED96A}.Release|iPhoneSimulator.Deploy.0 = Release|Any CPU
		{BF701BF8-0CCD-4E59-BD6A-A4101C9ED96A}.Release|x64.ActiveCfg = Release|Any CPU
		{BF701BF8-0CCD-4E59-BD6A-A4101C9ED96A}.Release|x64.Build.0 = Release|Any CPU
		{BF701BF8-0CCD-4E59-BD6A-A4101C9ED96A}.Release|x64.Deploy.0 = Release|Any CPU
		{BF701BF8-0CCD-4E59-BD6A-A4101C9ED96A}.Release|x86.ActiveCfg = Release|Any CPU
		{BF701BF8-0CCD-4E59-BD6A-A4101C9ED96A}.Release|x86.Build.0 = Release|Any CPU
		{BF701BF8-0CCD-4E59-BD6A-A4101C9ED96A}.Release|x86.Deploy.0 = Release|Any CPU
	EndGlobalSection
	GlobalSection(SolutionProperties) = preSolution
		HideSolutionNode = FALSE
	EndGlobalSection
	GlobalSection(ExtensibilityGlobals) = postSolution
		SolutionGuid = {CBB29134-E80A-465D-9F04-0E6B9B1D0A05}
	EndGlobalSection
EndGlobal
